
Microsoft Visual Studio Solution File, Format Version 12.00
# Visual Studio Version 17
VisualStudioVersion = 17.3.32922.545
MinimumVisualStudioVersion = 10.0.40219.1
Project("{FAE04EC0-301F-11D3-BF4B-00C04F79EFBC}") = "BuildingCompany", "BuildingCompany\BuildingCompany.csproj", "{29795761-BD6B-49F6-8770-06E87D147FB1}"
EndProject
Global
	GlobalSection(SolutionConfigurationPlatforms) = preSolution
		Debug|Any CPU = Debug|Any CPU
		Release|Any CPU = Release|Any CPU
	EndGlobalSection
	GlobalSection(ProjectConfigurationPlatforms) = postSolution
		{29795761-BD6B-49F6-8770-06E87D147FB1}.Debug|Any CPU.ActiveCfg = Debug|Any CPU
		{29795761-BD6B-49F6-8770-06E87D147FB1}.Debug|Any CPU.Build.0 = Debug|Any CPU
		{29795761-BD6B-49F6-8770-06E87D147FB1}.Release|Any CPU.ActiveCfg = Release|Any CPU
		{29795761-BD6B-49F6-8770-06E87D147FB1}.Release|Any CPU.Build.0 = Release|Any CPU
	EndGlobalSection
	GlobalSection(SolutionProperties) = preSolution
		HideSolutionNode = FALSE
	EndGlobalSection
	GlobalSection(ExtensibilityGlobals) = postSolution
		SolutionGuid = {F010BFA4-5A88-413A-9C3D-A777E8E3DB7A}
	EndGlobalSection
EndGlobal
